
Microsoft Visual Studio Solution File, Format Version 12.00
# Visual Studio Version 16
VisualStudioVersion = 16.0.30128.74
MinimumVisualStudioVersion = 10.0.40219.1
Project("{FAE04EC0-301F-11D3-BF4B-00C04F79EFBC}") = "carsTable", "carsTable\carsTable.csproj", "{99330A2E-54A0-40AA-BF46-05084036D5C3}"
EndProject
Project("{FAE04EC0-301F-11D3-BF4B-00C04F79EFBC}") = "driversTable", "driversTable\driversTable.csproj", "{B57A4AB8-3926-402C-BE62-1ADC5A919426}"
EndProject
Project("{FAE04EC0-301F-11D3-BF4B-00C04F79EFBC}") = "DatabaseCreaton", "DatabaseCreaton\DatabaseCreaton.csproj", "{B57C7320-6D81-46B6-8C8A-5CE807136829}"
EndProject
Global
	GlobalSection(SolutionConfigurationPlatforms) = preSolution
		Debug|Any CPU = Debug|Any CPU
		Release|Any CPU = Release|Any CPU
	EndGlobalSection
	GlobalSection(ProjectConfigurationPlatforms) = postSolution
		{99330A2E-54A0-40AA-BF46-05084036D5C3}.Debug|Any CPU.ActiveCfg = Debug|Any CPU
		{99330A2E-54A0-40AA-BF46-05084036D5C3}.Debug|Any CPU.Build.0 = Debug|Any CPU
		{99330A2E-54A0-40AA-BF46-05084036D5C3}.Release|Any CPU.ActiveCfg = Release|Any CPU
		{99330A2E-54A0-40AA-BF46-05084036D5C3}.Release|Any CPU.Build.0 = Release|Any CPU
		{B57A4AB8-3926-402C-BE62-1ADC5A919426}.Debug|Any CPU.ActiveCfg = Debug|Any CPU
		{B57A4AB8-3926-402C-BE62-1ADC5A919426}.Debug|Any CPU.Build.0 = Debug|Any CPU
		{B57A4AB8-3926-402C-BE62-1ADC5A919426}.Release|Any CPU.ActiveCfg = Release|Any CPU
		{B57A4AB8-3926-402C-BE62-1ADC5A919426}.Release|Any CPU.Build.0 = Release|Any CPU
		{B57C7320-6D81-46B6-8C8A-5CE807136829}.Debug|Any CPU.ActiveCfg = Debug|Any CPU
		{B57C7320-6D81-46B6-8C8A-5CE807136829}.Debug|Any CPU.Build.0 = Debug|Any CPU
		{B57C7320-6D81-46B6-8C8A-5CE807136829}.Release|Any CPU.ActiveCfg = Release|Any CPU
		{B57C7320-6D81-46B6-8C8A-5CE807136829}.Release|Any CPU.Build.0 = Release|Any CPU
	EndGlobalSection
	GlobalSection(SolutionProperties) = preSolution
		HideSolutionNode = FALSE
	EndGlobalSection
	GlobalSection(ExtensibilityGlobals) = postSolution
		SolutionGuid = {298298D3-44B4-4E25-A391-C04D3730B9FC}
	EndGlobalSection
EndGlobal
